
Microsoft Visual Studio Solution File, Format Version 12.00
# Visual Studio 15
VisualStudioVersion = 15.0.28307.168
MinimumVisualStudioVersion = 10.0.40219.1
Project("{9A19103F-16F7-4668-BE54-9A1E7A4F7556}") = "BMICalculator", "AwsLambda\BMICalculator\BMICalculator.csproj", "{4DD9AA07-16E1-4A4E-8B95-8D95ECC7D8BA}"
EndProject
Project("{2150E333-8FDC-42A3-9474-1A3956D46DE8}") = "Solution Items", "Solution Items", "{F17F5254-2BEC-4B8A-B2E8-9F552C79D8A6}"
	ProjectSection(SolutionItems) = preProject
		Scripts\helloWorld.py = Scripts\helloWorld.py
	EndProjectSection
EndProject
Project("{9A19103F-16F7-4668-BE54-9A1E7A4F7556}") = "BMICalculator.Tests", "AwsLambda\BMICalculator.Tests\BMICalculator.Tests.csproj", "{EF41B5F3-EDF7-4A88-96D2-2BA7652BB667}"
EndProject
Project("{9A19103F-16F7-4668-BE54-9A1E7A4F7556}") = "BMICalculator.Infrastructure", "BMICalculator.Infrastructure\BMICalculator.Infrastructure.csproj", "{4AB0F572-559A-4E26-A717-DB2121731146}"
EndProject
Project("{9A19103F-16F7-4668-BE54-9A1E7A4F7556}") = "BMICalculator.Domain", "BMICalculator.Domain\BMICalculator.Domain.csproj", "{23B5163A-6945-4656-91B8-B95E5955B39D}"
EndProject
Project("{9A19103F-16F7-4668-BE54-9A1E7A4F7556}") = "BMICalculator.LambdaAndSaml", "BMICalculator.LambdaAndSaml\BMICalculator.LambdaAndSaml.csproj", "{C7F1E7A2-F572-4415-B701-3156FD089574}"
EndProject
Global
	GlobalSection(SolutionConfigurationPlatforms) = preSolution
		Debug|Any CPU = Debug|Any CPU
		Release|Any CPU = Release|Any CPU
	EndGlobalSection
	GlobalSection(ProjectConfigurationPlatforms) = postSolution
		{4DD9AA07-16E1-4A4E-8B95-8D95ECC7D8BA}.Debug|Any CPU.ActiveCfg = Debug|Any CPU
		{4DD9AA07-16E1-4A4E-8B95-8D95ECC7D8BA}.Debug|Any CPU.Build.0 = Debug|Any CPU
		{4DD9AA07-16E1-4A4E-8B95-8D95ECC7D8BA}.Release|Any CPU.ActiveCfg = Release|Any CPU
		{4DD9AA07-16E1-4A4E-8B95-8D95ECC7D8BA}.Release|Any CPU.Build.0 = Release|Any CPU
		{EF41B5F3-EDF7-4A88-96D2-2BA7652BB667}.Debug|Any CPU.ActiveCfg = Debug|Any CPU
		{EF41B5F3-EDF7-4A88-96D2-2BA7652BB667}.Debug|Any CPU.Build.0 = Debug|Any CPU
		{EF41B5F3-EDF7-4A88-96D2-2BA7652BB667}.Release|Any CPU.ActiveCfg = Release|Any CPU
		{EF41B5F3-EDF7-4A88-96D2-2BA7652BB667}.Release|Any CPU.Build.0 = Release|Any CPU
		{4AB0F572-559A-4E26-A717-DB2121731146}.Debug|Any CPU.ActiveCfg = Debug|Any CPU
		{4AB0F572-559A-4E26-A717-DB2121731146}.Debug|Any CPU.Build.0 = Debug|Any CPU
		{4AB0F572-559A-4E26-A717-DB2121731146}.Release|Any CPU.ActiveCfg = Release|Any CPU
		{4AB0F572-559A-4E26-A717-DB2121731146}.Release|Any CPU.Build.0 = Release|Any CPU
		{23B5163A-6945-4656-91B8-B95E5955B39D}.Debug|Any CPU.ActiveCfg = Debug|Any CPU
		{23B5163A-6945-4656-91B8-B95E5955B39D}.Debug|Any CPU.Build.0 = Debug|Any CPU
		{23B5163A-6945-4656-91B8-B95E5955B39D}.Release|Any CPU.ActiveCfg = Release|Any CPU
		{23B5163A-6945-4656-91B8-B95E5955B39D}.Release|Any CPU.Build.0 = Release|Any CPU
		{C7F1E7A2-F572-4415-B701-3156FD089574}.Debug|Any CPU.ActiveCfg = Debug|Any CPU
		{C7F1E7A2-F572-4415-B701-3156FD089574}.Debug|Any CPU.Build.0 = Debug|Any CPU
		{C7F1E7A2-F572-4415-B701-3156FD089574}.Release|Any CPU.ActiveCfg = Release|Any CPU
		{C7F1E7A2-F572-4415-B701-3156FD089574}.Release|Any CPU.Build.0 = Release|Any CPU
	EndGlobalSection
	GlobalSection(SolutionProperties) = preSolution
		HideSolutionNode = FALSE
	EndGlobalSection
	GlobalSection(ExtensibilityGlobals) = postSolution
		SolutionGuid = {5C2BA044-791B-49CD-9778-DAD8F41EB51A}
	EndGlobalSection
EndGlobal
